// !$*UTF8*$!
{
	archiveVersion = 1;
	classes = {
	};
	objectVersion = 51;
	objects = {

/* Begin PBXBuildFile section */
		AD9A4A0AD3DE549C8AFA2C4A /* Pods_TestAppTests.framework in Frameworks */ = {isa = PBXBuildFile; fileRef = 6AC8C39E3EA03F5A69BE93FB /* Pods_TestAppTests.framework */; };
		CAE4A3DE267CE6E700943B64 /* MapViewController.swift in Sources */ = {isa = PBXBuildFile; fileRef = CAE4A3DD267CE6E700943B64 /* MapViewController.swift */; };
		CAE4A3E3267CE6FE00943B64 /* Map.storyboard in Resources */ = {isa = PBXBuildFile; fileRef = CAE4A3E2267CE6FE00943B64 /* Map.storyboard */; };
		CAE4A3E9267F621000943B64 /* PlaceAnnotationView.swift in Sources */ = {isa = PBXBuildFile; fileRef = CAE4A3E8267F621000943B64 /* PlaceAnnotationView.swift */; };
		CAE4A3F1267F623700943B64 /* PlaceAnnotationView.xib in Resources */ = {isa = PBXBuildFile; fileRef = CAE4A3F0267F623700943B64 /* PlaceAnnotationView.xib */; };
		CAE4A3F9267F9B9A00943B64 /* PlaceCalloutView.xib in Resources */ = {isa = PBXBuildFile; fileRef = CAE4A3F8267F9B9A00943B64 /* PlaceCalloutView.xib */; };
		CAE4A3FE267F9BC300943B64 /* PlaceCalloutView.swift in Sources */ = {isa = PBXBuildFile; fileRef = CAE4A3FD267F9BC300943B64 /* PlaceCalloutView.swift */; };
		CAE4A40326836A2800943B64 /* MapEditViewController.swift in Sources */ = {isa = PBXBuildFile; fileRef = CAE4A40226836A2800943B64 /* MapEditViewController.swift */; };
		CAE4A40826836A3300943B64 /* MapEdit.storyboard in Resources */ = {isa = PBXBuildFile; fileRef = CAE4A40726836A3300943B64 /* MapEdit.storyboard */; };
		CAE4A416268374A300943B64 /* SwitchCell.swift in Sources */ = {isa = PBXBuildFile; fileRef = CAE4A414268374A300943B64 /* SwitchCell.swift */; };
		CAE4A417268374A300943B64 /* SwitchCell.xib in Resources */ = {isa = PBXBuildFile; fileRef = CAE4A415268374A300943B64 /* SwitchCell.xib */; };
		CAF24014267B8757008D6E27 /* AppDelegate.swift in Sources */ = {isa = PBXBuildFile; fileRef = CAF24013267B8757008D6E27 /* AppDelegate.swift */; };
		CAF24016267B8757008D6E27 /* SceneDelegate.swift in Sources */ = {isa = PBXBuildFile; fileRef = CAF24015267B8757008D6E27 /* SceneDelegate.swift */; };
		CAF24018267B8757008D6E27 /* HomeViewController.swift in Sources */ = {isa = PBXBuildFile; fileRef = CAF24017267B8757008D6E27 /* HomeViewController.swift */; };
		CAF2401B267B8757008D6E27 /* Home.storyboard in Resources */ = {isa = PBXBuildFile; fileRef = CAF24019267B8757008D6E27 /* Home.storyboard */; };
		CAF2401D267B8760008D6E27 /* Assets.xcassets in Resources */ = {isa = PBXBuildFile; fileRef = CAF2401C267B8760008D6E27 /* Assets.xcassets */; };
		CAF24020267B8760008D6E27 /* LaunchScreen.storyboard in Resources */ = {isa = PBXBuildFile; fileRef = CAF2401E267B8760008D6E27 /* LaunchScreen.storyboard */; };
		CAF2402B267B8760008D6E27 /* TestAppTests.swift in Sources */ = {isa = PBXBuildFile; fileRef = CAF2402A267B8760008D6E27 /* TestAppTests.swift */; };
		CAF24036267B8760008D6E27 /* TestAppUITests.swift in Sources */ = {isa = PBXBuildFile; fileRef = CAF24035267B8760008D6E27 /* TestAppUITests.swift */; };
		CAF24069267B92C4008D6E27 /* R.generated.swift in Sources */ = {isa = PBXBuildFile; fileRef = CAF24068267B92C4008D6E27 /* R.generated.swift */; };
		CAF2410F267BBC2A008D6E27 /* NormalCell.swift in Sources */ = {isa = PBXBuildFile; fileRef = CAF2410D267BBC2A008D6E27 /* NormalCell.swift */; };
		CAF24110267BBC2A008D6E27 /* NormalCell.xib in Resources */ = {isa = PBXBuildFile; fileRef = CAF2410E267BBC2A008D6E27 /* NormalCell.xib */; };
		CBF7658FC265B0C30CEC1945 /* Pods_TestApp_TestAppUITests.framework in Frameworks */ = {isa = PBXBuildFile; fileRef = 45E1E20334F1273D54BE4CD2 /* Pods_TestApp_TestAppUITests.framework */; };
		E40C8B5729CAFD17765E1F72 /* Pods_TestApp.framework in Frameworks */ = {isa = PBXBuildFile; fileRef = 25BE0FCBB5CBFF986FB5EE76 /* Pods_TestApp.framework */; };
/* End PBXBuildFile section */

/* Begin PBXContainerItemProxy section */
		CAF24027267B8760008D6E27 /* PBXContainerItemProxy */ = {
			isa = PBXContainerItemProxy;
			containerPortal = CAF24008267B8757008D6E27 /* Project object */;
			proxyType = 1;
			remoteGlobalIDString = CAF2400F267B8757008D6E27;
			remoteInfo = TestApp;
		};
		CAF24032267B8760008D6E27 /* PBXContainerItemProxy */ = {
			isa = PBXContainerItemProxy;
			containerPortal = CAF24008267B8757008D6E27 /* Project object */;
			proxyType = 1;
			remoteGlobalIDString = CAF2400F267B8757008D6E27;
			remoteInfo = TestApp;
		};
/* End PBXContainerItemProxy section */

/* Begin PBXFileReference section */
		01B36FCE5838B46D614144E3 /* Pods-TestApp-TestAppUITests.release.xcconfig */ = {isa = PBXFileReference; includeInIndex = 1; lastKnownFileType = text.xcconfig; name = "Pods-TestApp-TestAppUITests.release.xcconfig"; path = "Target Support Files/Pods-TestApp-TestAppUITests/Pods-TestApp-TestAppUITests.release.xcconfig"; sourceTree = "<group>"; };
		2352E319B7C04C22C67EDB92 /* Pods-TestAppTests.debug.xcconfig */ = {isa = PBXFileReference; includeInIndex = 1; lastKnownFileType = text.xcconfig; name = "Pods-TestAppTests.debug.xcconfig"; path = "Target Support Files/Pods-TestAppTests/Pods-TestAppTests.debug.xcconfig"; sourceTree = "<group>"; };
		25BE0FCBB5CBFF986FB5EE76 /* Pods_TestApp.framework */ = {isa = PBXFileReference; explicitFileType = wrapper.framework; includeInIndex = 0; path = Pods_TestApp.framework; sourceTree = BUILT_PRODUCTS_DIR; };
		3B56B50FE00110093A5AFBD8 /* Pods-TestApp.release.xcconfig */ = {isa = PBXFileReference; includeInIndex = 1; lastKnownFileType = text.xcconfig; name = "Pods-TestApp.release.xcconfig"; path = "Target Support Files/Pods-TestApp/Pods-TestApp.release.xcconfig"; sourceTree = "<group>"; };
		45E1E20334F1273D54BE4CD2 /* Pods_TestApp_TestAppUITests.framework */ = {isa = PBXFileReference; explicitFileType = wrapper.framework; includeInIndex = 0; path = Pods_TestApp_TestAppUITests.framework; sourceTree = BUILT_PRODUCTS_DIR; };
		651A004C3F281E56011A7A4C /* Pods-TestAppTests.release.xcconfig */ = {isa = PBXFileReference; includeInIndex = 1; lastKnownFileType = text.xcconfig; name = "Pods-TestAppTests.release.xcconfig"; path = "Target Support Files/Pods-TestAppTests/Pods-TestAppTests.release.xcconfig"; sourceTree = "<group>"; };
		6A1DA3C7BFC3F2847859DBA9 /* Pods-TestApp.debug.xcconfig */ = {isa = PBXFileReference; includeInIndex = 1; lastKnownFileType = text.xcconfig; name = "Pods-TestApp.debug.xcconfig"; path = "Target Support Files/Pods-TestApp/Pods-TestApp.debug.xcconfig"; sourceTree = "<group>"; };
		6AC8C39E3EA03F5A69BE93FB /* Pods_TestAppTests.framework */ = {isa = PBXFileReference; explicitFileType = wrapper.framework; includeInIndex = 0; path = Pods_TestAppTests.framework; sourceTree = BUILT_PRODUCTS_DIR; };
		C4E97E5E03C2E9FA91EB5D90 /* Pods-TestApp-TestAppUITests.debug.xcconfig */ = {isa = PBXFileReference; includeInIndex = 1; lastKnownFileType = text.xcconfig; name = "Pods-TestApp-TestAppUITests.debug.xcconfig"; path = "Target Support Files/Pods-TestApp-TestAppUITests/Pods-TestApp-TestAppUITests.debug.xcconfig"; sourceTree = "<group>"; };
		CAE4A3DD267CE6E700943B64 /* MapViewController.swift */ = {isa = PBXFileReference; lastKnownFileType = sourcecode.swift; path = MapViewController.swift; sourceTree = "<group>"; };
		CAE4A3E2267CE6FE00943B64 /* Map.storyboard */ = {isa = PBXFileReference; lastKnownFileType = file.storyboard; path = Map.storyboard; sourceTree = "<group>"; };
		CAE4A3E8267F621000943B64 /* PlaceAnnotationView.swift */ = {isa = PBXFileReference; lastKnownFileType = sourcecode.swift; path = PlaceAnnotationView.swift; sourceTree = "<group>"; };
		CAE4A3F0267F623700943B64 /* PlaceAnnotationView.xib */ = {isa = PBXFileReference; lastKnownFileType = file.xib; path = PlaceAnnotationView.xib; sourceTree = "<group>"; };
		CAE4A3F8267F9B9A00943B64 /* PlaceCalloutView.xib */ = {isa = PBXFileReference; lastKnownFileType = file.xib; path = PlaceCalloutView.xib; sourceTree = "<group>"; };
		CAE4A3FD267F9BC300943B64 /* PlaceCalloutView.swift */ = {isa = PBXFileReference; lastKnownFileType = sourcecode.swift; path = PlaceCalloutView.swift; sourceTree = "<group>"; };
		CAE4A40226836A2800943B64 /* MapEditViewController.swift */ = {isa = PBXFileReference; lastKnownFileType = sourcecode.swift; path = MapEditViewController.swift; sourceTree = "<group>"; };
		CAE4A40726836A3300943B64 /* MapEdit.storyboard */ = {isa = PBXFileReference; lastKnownFileType = file.storyboard; path = MapEdit.storyboard; sourceTree = "<group>"; };
		CAE4A414268374A300943B64 /* SwitchCell.swift */ = {isa = PBXFileReference; lastKnownFileType = sourcecode.swift; path = SwitchCell.swift; sourceTree = "<group>"; };
		CAE4A415268374A300943B64 /* SwitchCell.xib */ = {isa = PBXFileReference; lastKnownFileType = file.xib; path = SwitchCell.xib; sourceTree = "<group>"; };
		CAF24010267B8757008D6E27 /* TestApp.app */ = {isa = PBXFileReference; explicitFileType = wrapper.application; includeInIndex = 0; path = TestApp.app; sourceTree = BUILT_PRODUCTS_DIR; };
		CAF24013267B8757008D6E27 /* AppDelegate.swift */ = {isa = PBXFileReference; lastKnownFileType = sourcecode.swift; path = AppDelegate.swift; sourceTree = "<group>"; };
		CAF24015267B8757008D6E27 /* SceneDelegate.swift */ = {isa = PBXFileReference; lastKnownFileType = sourcecode.swift; path = SceneDelegate.swift; sourceTree = "<group>"; };
		CAF24017267B8757008D6E27 /* HomeViewController.swift */ = {isa = PBXFileReference; lastKnownFileType = sourcecode.swift; path = HomeViewController.swift; sourceTree = "<group>"; };
		CAF2401A267B8757008D6E27 /* Base */ = {isa = PBXFileReference; lastKnownFileType = file.storyboard; name = Base; path = Base.lproj/Home.storyboard; sourceTree = "<group>"; };
		CAF2401C267B8760008D6E27 /* Assets.xcassets */ = {isa = PBXFileReference; lastKnownFileType = folder.assetcatalog; path = Assets.xcassets; sourceTree = "<group>"; };
		CAF2401F267B8760008D6E27 /* Base */ = {isa = PBXFileReference; lastKnownFileType = file.storyboard; name = Base; path = Base.lproj/LaunchScreen.storyboard; sourceTree = "<group>"; };
		CAF24021267B8760008D6E27 /* Info.plist */ = {isa = PBXFileReference; lastKnownFileType = text.plist.xml; path = Info.plist; sourceTree = "<group>"; };
		CAF24026267B8760008D6E27 /* TestAppTests.xctest */ = {isa = PBXFileReference; explicitFileType = wrapper.cfbundle; includeInIndex = 0; path = TestAppTests.xctest; sourceTree = BUILT_PRODUCTS_DIR; };
		CAF2402A267B8760008D6E27 /* TestAppTests.swift */ = {isa = PBXFileReference; lastKnownFileType = sourcecode.swift; path = TestAppTests.swift; sourceTree = "<group>"; };
		CAF2402C267B8760008D6E27 /* Info.plist */ = {isa = PBXFileReference; lastKnownFileType = text.plist.xml; path = Info.plist; sourceTree = "<group>"; };
		CAF24031267B8760008D6E27 /* TestAppUITests.xctest */ = {isa = PBXFileReference; explicitFileType = wrapper.cfbundle; includeInIndex = 0; path = TestAppUITests.xctest; sourceTree = BUILT_PRODUCTS_DIR; };
		CAF24035267B8760008D6E27 /* TestAppUITests.swift */ = {isa = PBXFileReference; lastKnownFileType = sourcecode.swift; path = TestAppUITests.swift; sourceTree = "<group>"; };
		CAF24037267B8760008D6E27 /* Info.plist */ = {isa = PBXFileReference; lastKnownFileType = text.plist.xml; path = Info.plist; sourceTree = "<group>"; };
		CAF24068267B92C4008D6E27 /* R.generated.swift */ = {isa = PBXFileReference; fileEncoding = 4; lastKnownFileType = sourcecode.swift; name = R.generated.swift; path = Resources/R.generated.swift; sourceTree = SOURCE_ROOT; };
		CAF2410D267BBC2A008D6E27 /* NormalCell.swift */ = {isa = PBXFileReference; lastKnownFileType = sourcecode.swift; path = NormalCell.swift; sourceTree = "<group>"; };
		CAF2410E267BBC2A008D6E27 /* NormalCell.xib */ = {isa = PBXFileReference; lastKnownFileType = file.xib; path = NormalCell.xib; sourceTree = "<group>"; };
/* End PBXFileReference section */

/* Begin PBXFrameworksBuildPhase section */
		CAF2400D267B8757008D6E27 /* Frameworks */ = {
			isa = PBXFrameworksBuildPhase;
			buildActionMask = 2147483647;
			files = (
				E40C8B5729CAFD17765E1F72 /* Pods_TestApp.framework in Frameworks */,
			);
			runOnlyForDeploymentPostprocessing = 0;
		};
		CAF24023267B8760008D6E27 /* Frameworks */ = {
			isa = PBXFrameworksBuildPhase;
			buildActionMask = 2147483647;
			files = (
				AD9A4A0AD3DE549C8AFA2C4A /* Pods_TestAppTests.framework in Frameworks */,
			);
			runOnlyForDeploymentPostprocessing = 0;
		};
		CAF2402E267B8760008D6E27 /* Frameworks */ = {
			isa = PBXFrameworksBuildPhase;
			buildActionMask = 2147483647;
			files = (
				CBF7658FC265B0C30CEC1945 /* Pods_TestApp_TestAppUITests.framework in Frameworks */,
			);
			runOnlyForDeploymentPostprocessing = 0;
		};
/* End PBXFrameworksBuildPhase section */

/* Begin PBXGroup section */
		76D1B90E27DC6EA3D912A1AF /* Frameworks */ = {
			isa = PBXGroup;
			children = (
				25BE0FCBB5CBFF986FB5EE76 /* Pods_TestApp.framework */,
				45E1E20334F1273D54BE4CD2 /* Pods_TestApp_TestAppUITests.framework */,
				6AC8C39E3EA03F5A69BE93FB /* Pods_TestAppTests.framework */,
			);
			name = Frameworks;
			sourceTree = "<group>";
		};
		CAE4A3DC267CE6C900943B64 /* MapView */ = {
			isa = PBXGroup;
			children = (
				CAE4A3DD267CE6E700943B64 /* MapViewController.swift */,
				CAE4A3E2267CE6FE00943B64 /* Map.storyboard */,
				CAE4A3E7267F61F400943B64 /* View */,
				CAE4A40226836A2800943B64 /* MapEditViewController.swift */,
				CAE4A40726836A3300943B64 /* MapEdit.storyboard */,
			);
			path = MapView;
			sourceTree = "<group>";
		};
		CAE4A3E7267F61F400943B64 /* View */ = {
			isa = PBXGroup;
			children = (
				CAE4A3E8267F621000943B64 /* PlaceAnnotationView.swift */,
				CAE4A3F0267F623700943B64 /* PlaceAnnotationView.xib */,
				CAE4A3F8267F9B9A00943B64 /* PlaceCalloutView.xib */,
				CAE4A3FD267F9BC300943B64 /* PlaceCalloutView.swift */,
			);
			path = View;
			sourceTree = "<group>";
		};
		CAE4A4132683747D00943B64 /* SwitchCell */ = {
			isa = PBXGroup;
			children = (
				CAE4A414268374A300943B64 /* SwitchCell.swift */,
				CAE4A415268374A300943B64 /* SwitchCell.xib */,
			);
			path = SwitchCell;
			sourceTree = "<group>";
		};
		CAF24007267B8757008D6E27 = {
			isa = PBXGroup;
			children = (
				CAF24012267B8757008D6E27 /* TestApp */,
				CAF24029267B8760008D6E27 /* TestAppTests */,
				CAF24034267B8760008D6E27 /* TestAppUITests */,
				CAF24011267B8757008D6E27 /* Products */,
				FFB9661945DCF8A0BA50A2E2 /* Pods */,
				76D1B90E27DC6EA3D912A1AF /* Frameworks */,
			);
			sourceTree = "<group>";
		};
		CAF24011267B8757008D6E27 /* Products */ = {
			isa = PBXGroup;
			children = (
				CAF24010267B8757008D6E27 /* TestApp.app */,
				CAF24026267B8760008D6E27 /* TestAppTests.xctest */,
				CAF24031267B8760008D6E27 /* TestAppUITests.xctest */,
			);
			name = Products;
			sourceTree = "<group>";
		};
		CAF24012267B8757008D6E27 /* TestApp */ = {
			isa = PBXGroup;
			children = (
				CAF24107267BBBC3008D6E27 /* Presentation */,
				CAF2405C267B9205008D6E27 /* Resources */,
				CAF24013267B8757008D6E27 /* AppDelegate.swift */,
				CAF24015267B8757008D6E27 /* SceneDelegate.swift */,
				CAF2401C267B8760008D6E27 /* Assets.xcassets */,
				CAF24021267B8760008D6E27 /* Info.plist */,
			);
			path = TestApp;
			sourceTree = "<group>";
		};
		CAF24029267B8760008D6E27 /* TestAppTests */ = {
			isa = PBXGroup;
			children = (
				CAF2402A267B8760008D6E27 /* TestAppTests.swift */,
				CAF2402C267B8760008D6E27 /* Info.plist */,
			);
			path = TestAppTests;
			sourceTree = "<group>";
		};
		CAF24034267B8760008D6E27 /* TestAppUITests */ = {
			isa = PBXGroup;
			children = (
				CAF24035267B8760008D6E27 /* TestAppUITests.swift */,
				CAF24037267B8760008D6E27 /* Info.plist */,
			);
			path = TestAppUITests;
			sourceTree = "<group>";
		};
		CAF2405C267B9205008D6E27 /* Resources */ = {
			isa = PBXGroup;
			children = (
				CAF24068267B92C4008D6E27 /* R.generated.swift */,
			);
			path = Resources;
			sourceTree = "<group>";
		};
		CAF24107267BBBC3008D6E27 /* Presentation */ = {
			isa = PBXGroup;
			children = (
				CAF24109267BBBD5008D6E27 /* Components */,
				CAF24108267BBBCE008D6E27 /* Scenes */,
			);
			path = Presentation;
			sourceTree = "<group>";
		};
		CAF24108267BBBCE008D6E27 /* Scenes */ = {
			isa = PBXGroup;
			children = (
				CAE4A3DC267CE6C900943B64 /* MapView */,
				CAF2410C267BBC06008D6E27 /* LaunchScreen */,
				CAF2410B267BBBF2008D6E27 /* Home */,
			);
			path = Scenes;
			sourceTree = "<group>";
		};
		CAF24109267BBBD5008D6E27 /* Components */ = {
			isa = PBXGroup;
			children = (
				CAE4A4132683747D00943B64 /* SwitchCell */,
				CAF2410A267BBBE4008D6E27 /* NormalCell */,
			);
			path = Components;
			sourceTree = "<group>";
		};
		CAF2410A267BBBE4008D6E27 /* NormalCell */ = {
			isa = PBXGroup;
			children = (
				CAF2410D267BBC2A008D6E27 /* NormalCell.swift */,
				CAF2410E267BBC2A008D6E27 /* NormalCell.xib */,
			);
			path = NormalCell;
			sourceTree = "<group>";
		};
		CAF2410B267BBBF2008D6E27 /* Home */ = {
			isa = PBXGroup;
			children = (
				CAF24017267B8757008D6E27 /* HomeViewController.swift */,
				CAF24019267B8757008D6E27 /* Home.storyboard */,
			);
			path = Home;
			sourceTree = "<group>";
		};
		CAF2410C267BBC06008D6E27 /* LaunchScreen */ = {
			isa = PBXGroup;
			children = (
				CAF2401E267B8760008D6E27 /* LaunchScreen.storyboard */,
			);
			path = LaunchScreen;
			sourceTree = "<group>";
		};
		FFB9661945DCF8A0BA50A2E2 /* Pods */ = {
			isa = PBXGroup;
			children = (
				6A1DA3C7BFC3F2847859DBA9 /* Pods-TestApp.debug.xcconfig */,
				3B56B50FE00110093A5AFBD8 /* Pods-TestApp.release.xcconfig */,
				C4E97E5E03C2E9FA91EB5D90 /* Pods-TestApp-TestAppUITests.debug.xcconfig */,
				01B36FCE5838B46D614144E3 /* Pods-TestApp-TestAppUITests.release.xcconfig */,
				2352E319B7C04C22C67EDB92 /* Pods-TestAppTests.debug.xcconfig */,
				651A004C3F281E56011A7A4C /* Pods-TestAppTests.release.xcconfig */,
			);
			path = Pods;
			sourceTree = "<group>";
		};
/* End PBXGroup section */

/* Begin PBXNativeTarget section */
		CAF2400F267B8757008D6E27 /* TestApp */ = {
			isa = PBXNativeTarget;
			buildConfigurationList = CAF2403A267B8760008D6E27 /* Build configuration list for PBXNativeTarget "TestApp" */;
			buildPhases = (
				FE003F2D873EC569DF420D04 /* [CP] Check Pods Manifest.lock */,
				CAF2405B267B913C008D6E27 /* R.swift */,
				CAF2400C267B8757008D6E27 /* Sources */,
				CAF2400D267B8757008D6E27 /* Frameworks */,
				CAF2400E267B8757008D6E27 /* Resources */,
				72EC76290E1C9686B3BA23CA /* [CP] Embed Pods Frameworks */,
			);
			buildRules = (
			);
			dependencies = (
			);
			name = TestApp;
			productName = TestApp;
			productReference = CAF24010267B8757008D6E27 /* TestApp.app */;
			productType = "com.apple.product-type.application";
		};
		CAF24025267B8760008D6E27 /* TestAppTests */ = {
			isa = PBXNativeTarget;
			buildConfigurationList = CAF2403D267B8760008D6E27 /* Build configuration list for PBXNativeTarget "TestAppTests" */;
			buildPhases = (
				2B26D1A41A814B5CDAF65B0E /* [CP] Check Pods Manifest.lock */,
				CAF24022267B8760008D6E27 /* Sources */,
				CAF24023267B8760008D6E27 /* Frameworks */,
				CAF24024267B8760008D6E27 /* Resources */,
			);
			buildRules = (
			);
			dependencies = (
				CAF24028267B8760008D6E27 /* PBXTargetDependency */,
			);
			name = TestAppTests;
			productName = TestAppTests;
			productReference = CAF24026267B8760008D6E27 /* TestAppTests.xctest */;
			productType = "com.apple.product-type.bundle.unit-test";
		};
		CAF24030267B8760008D6E27 /* TestAppUITests */ = {
			isa = PBXNativeTarget;
			buildConfigurationList = CAF24040267B8760008D6E27 /* Build configuration list for PBXNativeTarget "TestAppUITests" */;
			buildPhases = (
				33CC3BC1BC8A94719F56DBFE /* [CP] Check Pods Manifest.lock */,
				CAF2402D267B8760008D6E27 /* Sources */,
				CAF2402E267B8760008D6E27 /* Frameworks */,
				CAF2402F267B8760008D6E27 /* Resources */,
				7B7610DC2A427566D3AD5F6C /* [CP] Embed Pods Frameworks */,
			);
			buildRules = (
			);
			dependencies = (
				CAF24033267B8760008D6E27 /* PBXTargetDependency */,
			);
			name = TestAppUITests;
			productName = TestAppUITests;
			productReference = CAF24031267B8760008D6E27 /* TestAppUITests.xctest */;
			productType = "com.apple.product-type.bundle.ui-testing";
		};
/* End PBXNativeTarget section */

/* Begin PBXProject section */
		CAF24008267B8757008D6E27 /* Project object */ = {
			isa = PBXProject;
			attributes = {
				LastSwiftUpdateCheck = 1240;
				LastUpgradeCheck = 1240;
				TargetAttributes = {
					CAF2400F267B8757008D6E27 = {
						CreatedOnToolsVersion = 12.4;
					};
					CAF24025267B8760008D6E27 = {
						CreatedOnToolsVersion = 12.4;
						TestTargetID = CAF2400F267B8757008D6E27;
					};
					CAF24030267B8760008D6E27 = {
						CreatedOnToolsVersion = 12.4;
						TestTargetID = CAF2400F267B8757008D6E27;
					};
				};
			};
			buildConfigurationList = CAF2400B267B8757008D6E27 /* Build configuration list for PBXProject "TestApp" */;
			compatibilityVersion = "Xcode 9.3";
			developmentRegion = en;
			hasScannedForEncodings = 0;
			knownRegions = (
				en,
				Base,
			);
			mainGroup = CAF24007267B8757008D6E27;
			productRefGroup = CAF24011267B8757008D6E27 /* Products */;
			projectDirPath = "";
			projectRoot = "";
			targets = (
				CAF2400F267B8757008D6E27 /* TestApp */,
				CAF24025267B8760008D6E27 /* TestAppTests */,
				CAF24030267B8760008D6E27 /* TestAppUITests */,
			);
		};
/* End PBXProject section */

/* Begin PBXResourcesBuildPhase section */
		CAF2400E267B8757008D6E27 /* Resources */ = {
			isa = PBXResourcesBuildPhase;
			buildActionMask = 2147483647;
			files = (
				CAF24110267BBC2A008D6E27 /* NormalCell.xib in Resources */,
				CAF24020267B8760008D6E27 /* LaunchScreen.storyboard in Resources */,
				CAE4A3E3267CE6FE00943B64 /* Map.storyboard in Resources */,
				CAF2401D267B8760008D6E27 /* Assets.xcassets in Resources */,
				CAE4A3F1267F623700943B64 /* PlaceAnnotationView.xib in Resources */,
				CAE4A417268374A300943B64 /* SwitchCell.xib in Resources */,
				CAE4A40826836A3300943B64 /* MapEdit.storyboard in Resources */,
				CAF2401B267B8757008D6E27 /* Home.storyboard in Resources */,
				CAE4A3F9267F9B9A00943B64 /* PlaceCalloutView.xib in Resources */,
			);
			runOnlyForDeploymentPostprocessing = 0;
		};
		CAF24024267B8760008D6E27 /* Resources */ = {
			isa = PBXResourcesBuildPhase;
			buildActionMask = 2147483647;
			files = (
			);
			runOnlyForDeploymentPostprocessing = 0;
		};
		CAF2402F267B8760008D6E27 /* Resources */ = {
			isa = PBXResourcesBuildPhase;
			buildActionMask = 2147483647;
			files = (
			);
			runOnlyForDeploymentPostprocessing = 0;
		};
/* End PBXResourcesBuildPhase section */

/* Begin PBXShellScriptBuildPhase section */
		2B26D1A41A814B5CDAF65B0E /* [CP] Check Pods Manifest.lock */ = {
			isa = PBXShellScriptBuildPhase;
			buildActionMask = 2147483647;
			files = (
			);
			inputFileListPaths = (
			);
			inputPaths = (
				"${PODS_PODFILE_DIR_PATH}/Podfile.lock",
				"${PODS_ROOT}/Manifest.lock",
			);
			name = "[CP] Check Pods Manifest.lock";
			outputFileListPaths = (
			);
			outputPaths = (
				"$(DERIVED_FILE_DIR)/Pods-TestAppTests-checkManifestLockResult.txt",
			);
			runOnlyForDeploymentPostprocessing = 0;
			shellPath = /bin/sh;
			shellScript = "diff \"${PODS_PODFILE_DIR_PATH}/Podfile.lock\" \"${PODS_ROOT}/Manifest.lock\" > /dev/null\nif [ $? != 0 ] ; then\n    # print error to STDERR\n    echo \"error: The sandbox is not in sync with the Podfile.lock. Run 'pod install' or update your CocoaPods installation.\" >&2\n    exit 1\nfi\n# This output is used by Xcode 'outputs' to avoid re-running this script phase.\necho \"SUCCESS\" > \"${SCRIPT_OUTPUT_FILE_0}\"\n";
			showEnvVarsInLog = 0;
		};
		33CC3BC1BC8A94719F56DBFE /* [CP] Check Pods Manifest.lock */ = {
			isa = PBXShellScriptBuildPhase;
			buildActionMask = 2147483647;
			files = (
			);
			inputFileListPaths = (
			);
			inputPaths = (
				"${PODS_PODFILE_DIR_PATH}/Podfile.lock",
				"${PODS_ROOT}/Manifest.lock",
			);
			name = "[CP] Check Pods Manifest.lock";
			outputFileListPaths = (
			);
			outputPaths = (
				"$(DERIVED_FILE_DIR)/Pods-TestApp-TestAppUITests-checkManifestLockResult.txt",
			);
			runOnlyForDeploymentPostprocessing = 0;
			shellPath = /bin/sh;
			shellScript = "diff \"${PODS_PODFILE_DIR_PATH}/Podfile.lock\" \"${PODS_ROOT}/Manifest.lock\" > /dev/null\nif [ $? != 0 ] ; then\n    # print error to STDERR\n    echo \"error: The sandbox is not in sync with the Podfile.lock. Run 'pod install' or update your CocoaPods installation.\" >&2\n    exit 1\nfi\n# This output is used by Xcode 'outputs' to avoid re-running this script phase.\necho \"SUCCESS\" > \"${SCRIPT_OUTPUT_FILE_0}\"\n";
			showEnvVarsInLog = 0;
		};
		72EC76290E1C9686B3BA23CA /* [CP] Embed Pods Frameworks */ = {
			isa = PBXShellScriptBuildPhase;
			buildActionMask = 2147483647;
			files = (
			);
			inputFileListPaths = (
				"${PODS_ROOT}/Target Support Files/Pods-TestApp/Pods-TestApp-frameworks-${CONFIGURATION}-input-files.xcfilelist",
			);
			name = "[CP] Embed Pods Frameworks";
			outputFileListPaths = (
				"${PODS_ROOT}/Target Support Files/Pods-TestApp/Pods-TestApp-frameworks-${CONFIGURATION}-output-files.xcfilelist",
			);
			runOnlyForDeploymentPostprocessing = 0;
			shellPath = /bin/sh;
			shellScript = "\"${PODS_ROOT}/Target Support Files/Pods-TestApp/Pods-TestApp-frameworks.sh\"\n";
			showEnvVarsInLog = 0;
		};
		7B7610DC2A427566D3AD5F6C /* [CP] Embed Pods Frameworks */ = {
			isa = PBXShellScriptBuildPhase;
			buildActionMask = 2147483647;
			files = (
			);
			inputFileListPaths = (
				"${PODS_ROOT}/Target Support Files/Pods-TestApp-TestAppUITests/Pods-TestApp-TestAppUITests-frameworks-${CONFIGURATION}-input-files.xcfilelist",
			);
			name = "[CP] Embed Pods Frameworks";
			outputFileListPaths = (
				"${PODS_ROOT}/Target Support Files/Pods-TestApp-TestAppUITests/Pods-TestApp-TestAppUITests-frameworks-${CONFIGURATION}-output-files.xcfilelist",
			);
			runOnlyForDeploymentPostprocessing = 0;
			shellPath = /bin/sh;
			shellScript = "\"${PODS_ROOT}/Target Support Files/Pods-TestApp-TestAppUITests/Pods-TestApp-TestAppUITests-frameworks.sh\"\n";
			showEnvVarsInLog = 0;
		};
		CAF2405B267B913C008D6E27 /* R.swift */ = {
			isa = PBXShellScriptBuildPhase;
			buildActionMask = 2147483647;
			files = (
			);
			inputFileListPaths = (
			);
			inputPaths = (
				"$TEMP_DIR/rswift-lastrun",
			);
			name = R.swift;
			outputFileListPaths = (
			);
			outputPaths = (
				$SRCROOT/Resources/R.generated.swift,
			);
			runOnlyForDeploymentPostprocessing = 0;
			shellPath = /bin/sh;
			shellScript = "\"$PODS_ROOT/R.swift/rswift\" generate \"$SRCROOT/Resources/R.generated.swift\"\n";
		};
		FE003F2D873EC569DF420D04 /* [CP] Check Pods Manifest.lock */ = {
			isa = PBXShellScriptBuildPhase;
			buildActionMask = 2147483647;
			files = (
			);
			inputFileListPaths = (
			);
			inputPaths = (
				"${PODS_PODFILE_DIR_PATH}/Podfile.lock",
				"${PODS_ROOT}/Manifest.lock",
			);
			name = "[CP] Check Pods Manifest.lock";
			outputFileListPaths = (
			);
			outputPaths = (
				"$(DERIVED_FILE_DIR)/Pods-TestApp-checkManifestLockResult.txt",
			);
			runOnlyForDeploymentPostprocessing = 0;
			shellPath = /bin/sh;
			shellScript = "diff \"${PODS_PODFILE_DIR_PATH}/Podfile.lock\" \"${PODS_ROOT}/Manifest.lock\" > /dev/null\nif [ $? != 0 ] ; then\n    # print error to STDERR\n    echo \"error: The sandbox is not in sync with the Podfile.lock. Run 'pod install' or update your CocoaPods installation.\" >&2\n    exit 1\nfi\n# This output is used by Xcode 'outputs' to avoid re-running this script phase.\necho \"SUCCESS\" > \"${SCRIPT_OUTPUT_FILE_0}\"\n";
			showEnvVarsInLog = 0;
		};
/* End PBXShellScriptBuildPhase section */

/* Begin PBXSourcesBuildPhase section */
		CAF2400C267B8757008D6E27 /* Sources */ = {
			isa = PBXSourcesBuildPhase;
			buildActionMask = 2147483647;
			files = (
				CAF24018267B8757008D6E27 /* HomeViewController.swift in Sources */,
				CAE4A3DE267CE6E700943B64 /* MapViewController.swift in Sources */,
				CAE4A3E9267F621000943B64 /* PlaceAnnotationView.swift in Sources */,
				CAF24014267B8757008D6E27 /* AppDelegate.swift in Sources */,
				CAF24016267B8757008D6E27 /* SceneDelegate.swift in Sources */,
				CAE4A40326836A2800943B64 /* MapEditViewController.swift in Sources */,
				CAE4A3FE267F9BC300943B64 /* PlaceCalloutView.swift in Sources */,
				CAF2410F267BBC2A008D6E27 /* NormalCell.swift in Sources */,
				CAF24069267B92C4008D6E27 /* R.generated.swift in Sources */,
				CAE4A416268374A300943B64 /* SwitchCell.swift in Sources */,
			);
			runOnlyForDeploymentPostprocessing = 0;
		};
		CAF24022267B8760008D6E27 /* Sources */ = {
			isa = PBXSourcesBuildPhase;
			buildActionMask = 2147483647;
			files = (
				CAF2402B267B8760008D6E27 /* TestAppTests.swift in Sources */,
			);
			runOnlyForDeploymentPostprocessing = 0;
		};
		CAF2402D267B8760008D6E27 /* Sources */ = {
			isa = PBXSourcesBuildPhase;
			buildActionMask = 2147483647;
			files = (
				CAF24036267B8760008D6E27 /* TestAppUITests.swift in Sources */,
			);
			runOnlyForDeploymentPostprocessing = 0;
		};
/* End PBXSourcesBuildPhase section */

/* Begin PBXTargetDependency section */
		CAF24028267B8760008D6E27 /* PBXTargetDependency */ = {
			isa = PBXTargetDependency;
			target = CAF2400F267B8757008D6E27 /* TestApp */;
			targetProxy = CAF24027267B8760008D6E27 /* PBXContainerItemProxy */;
		};
		CAF24033267B8760008D6E27 /* PBXTargetDependency */ = {
			isa = PBXTargetDependency;
			target = CAF2400F267B8757008D6E27 /* TestApp */;
			targetProxy = CAF24032267B8760008D6E27 /* PBXContainerItemProxy */;
		};
/* End PBXTargetDependency section */

/* Begin PBXVariantGroup section */
		CAF24019267B8757008D6E27 /* Home.storyboard */ = {
			isa = PBXVariantGroup;
			children = (
				CAF2401A267B8757008D6E27 /* Base */,
			);
			name = Home.storyboard;
			sourceTree = "<group>";
		};
		CAF2401E267B8760008D6E27 /* LaunchScreen.storyboard */ = {
			isa = PBXVariantGroup;
			children = (
				CAF2401F267B8760008D6E27 /* Base */,
			);
			name = LaunchScreen.storyboard;
			sourceTree = "<group>";
		};
/* End PBXVariantGroup section */

/* Begin XCBuildConfiguration section */
		CAF24038267B8760008D6E27 /* Debug */ = {
			isa = XCBuildConfiguration;
			buildSettings = {
				ALWAYS_SEARCH_USER_PATHS = NO;
				CLANG_ANALYZER_NONNULL = YES;
				CLANG_ANALYZER_NUMBER_OBJECT_CONVERSION = YES_AGGRESSIVE;
				CLANG_CXX_LANGUAGE_STANDARD = "gnu++14";
				CLANG_CXX_LIBRARY = "libc++";
				CLANG_ENABLE_MODULES = YES;
				CLANG_ENABLE_OBJC_ARC = YES;
				CLANG_ENABLE_OBJC_WEAK = YES;
				CLANG_WARN_BLOCK_CAPTURE_AUTORELEASING = YES;
				CLANG_WARN_BOOL_CONVERSION = YES;
				CLANG_WARN_COMMA = YES;
				CLANG_WARN_CONSTANT_CONVERSION = YES;
				CLANG_WARN_DEPRECATED_OBJC_IMPLEMENTATIONS = YES;
				CLANG_WARN_DIRECT_OBJC_ISA_USAGE = YES_ERROR;
				CLANG_WARN_DOCUMENTATION_COMMENTS = YES;
				CLANG_WARN_EMPTY_BODY = YES;
				CLANG_WARN_ENUM_CONVERSION = YES;
				CLANG_WARN_INFINITE_RECURSION = YES;
				CLANG_WARN_INT_CONVERSION = YES;
				CLANG_WARN_NON_LITERAL_NULL_CONVERSION = YES;
				CLANG_WARN_OBJC_IMPLICIT_RETAIN_SELF = YES;
				CLANG_WARN_OBJC_LITERAL_CONVERSION = YES;
				CLANG_WARN_OBJC_ROOT_CLASS = YES_ERROR;
				CLANG_WARN_QUOTED_INCLUDE_IN_FRAMEWORK_HEADER = YES;
				CLANG_WARN_RANGE_LOOP_ANALYSIS = YES;
				CLANG_WARN_STRICT_PROTOTYPES = YES;
				CLANG_WARN_SUSPICIOUS_MOVE = YES;
				CLANG_WARN_UNGUARDED_AVAILABILITY = YES_AGGRESSIVE;
				CLANG_WARN_UNREACHABLE_CODE = YES;
				CLANG_WARN__DUPLICATE_METHOD_MATCH = YES;
				COPY_PHASE_STRIP = NO;
				DEBUG_INFORMATION_FORMAT = dwarf;
				ENABLE_STRICT_OBJC_MSGSEND = YES;
				ENABLE_TESTABILITY = YES;
				GCC_C_LANGUAGE_STANDARD = gnu11;
				GCC_DYNAMIC_NO_PIC = NO;
				GCC_NO_COMMON_BLOCKS = YES;
				GCC_OPTIMIZATION_LEVEL = 0;
				GCC_PREPROCESSOR_DEFINITIONS = (
					"DEBUG=1",
					"$(inherited)",
				);
				GCC_WARN_64_TO_32_BIT_CONVERSION = YES;
				GCC_WARN_ABOUT_RETURN_TYPE = YES_ERROR;
				GCC_WARN_UNDECLARED_SELECTOR = YES;
				GCC_WARN_UNINITIALIZED_AUTOS = YES_AGGRESSIVE;
				GCC_WARN_UNUSED_FUNCTION = YES;
				GCC_WARN_UNUSED_VARIABLE = YES;
				IPHONEOS_DEPLOYMENT_TARGET = 14.1;
				MTL_ENABLE_DEBUG_INFO = INCLUDE_SOURCE;
				MTL_FAST_MATH = YES;
				ONLY_ACTIVE_ARCH = YES;
				SDKROOT = iphoneos;
				SWIFT_ACTIVE_COMPILATION_CONDITIONS = DEBUG;
				SWIFT_OPTIMIZATION_LEVEL = "-Onone";
			};
			name = Debug;
		};
		CAF24039267B8760008D6E27 /* Release */ = {
			isa = XCBuildConfiguration;
			buildSettings = {
				ALWAYS_SEARCH_USER_PATHS = NO;
				CLANG_ANALYZER_NONNULL = YES;
				CLANG_ANALYZER_NUMBER_OBJECT_CONVERSION = YES_AGGRESSIVE;
				CLANG_CXX_LANGUAGE_STANDARD = "gnu++14";
				CLANG_CXX_LIBRARY = "libc++";
				CLANG_ENABLE_MODULES = YES;
				CLANG_ENABLE_OBJC_ARC = YES;
				CLANG_ENABLE_OBJC_WEAK = YES;
				CLANG_WARN_BLOCK_CAPTURE_AUTORELEASING = YES;
				CLANG_WARN_BOOL_CONVERSION = YES;
				CLANG_WARN_COMMA = YES;
				CLANG_WARN_CONSTANT_CONVERSION = YES;
				CLANG_WARN_DEPRECATED_OBJC_IMPLEMENTATIONS = YES;
				CLANG_WARN_DIRECT_OBJC_ISA_USAGE = YES_ERROR;
				CLANG_WARN_DOCUMENTATION_COMMENTS = YES;
				CLANG_WARN_EMPTY_BODY = YES;
				CLANG_WARN_ENUM_CONVERSION = YES;
				CLANG_WARN_INFINITE_RECURSION = YES;
				CLANG_WARN_INT_CONVERSION = YES;
				CLANG_WARN_NON_LITERAL_NULL_CONVERSION = YES;
				CLANG_WARN_OBJC_IMPLICIT_RETAIN_SELF = YES;
				CLANG_WARN_OBJC_LITERAL_CONVERSION = YES;
				CLANG_WARN_OBJC_ROOT_CLASS = YES_ERROR;
				CLANG_WARN_QUOTED_INCLUDE_IN_FRAMEWORK_HEADER = YES;
				CLANG_WARN_RANGE_LOOP_ANALYSIS = YES;
				CLANG_WARN_STRICT_PROTOTYPES = YES;
				CLANG_WARN_SUSPICIOUS_MOVE = YES;
				CLANG_WARN_UNGUARDED_AVAILABILITY = YES_AGGRESSIVE;
				CLANG_WARN_UNREACHABLE_CODE = YES;
				CLANG_WARN__DUPLICATE_METHOD_MATCH = YES;
				COPY_PHASE_STRIP = NO;
				DEBUG_INFORMATION_FORMAT = "dwarf-with-dsym";
				ENABLE_NS_ASSERTIONS = NO;
				ENABLE_STRICT_OBJC_MSGSEND = YES;
				GCC_C_LANGUAGE_STANDARD = gnu11;
				GCC_NO_COMMON_BLOCKS = YES;
				GCC_WARN_64_TO_32_BIT_CONVERSION = YES;
				GCC_WARN_ABOUT_RETURN_TYPE = YES_ERROR;
				GCC_WARN_UNDECLARED_SELECTOR = YES;
				GCC_WARN_UNINITIALIZED_AUTOS = YES_AGGRESSIVE;
				GCC_WARN_UNUSED_FUNCTION = YES;
				GCC_WARN_UNUSED_VARIABLE = YES;
				IPHONEOS_DEPLOYMENT_TARGET = 14.1;
				MTL_ENABLE_DEBUG_INFO = NO;
				MTL_FAST_MATH = YES;
				SDKROOT = iphoneos;
				SWIFT_COMPILATION_MODE = wholemodule;
				SWIFT_OPTIMIZATION_LEVEL = "-O";
				VALIDATE_PRODUCT = YES;
			};
			name = Release;
		};
		CAF2403B267B8760008D6E27 /* Debug */ = {
			isa = XCBuildConfiguration;
			baseConfigurationReference = 6A1DA3C7BFC3F2847859DBA9 /* Pods-TestApp.debug.xcconfig */;
			buildSettings = {
				ASSETCATALOG_COMPILER_APPICON_NAME = AppIcon;
				ASSETCATALOG_COMPILER_GLOBAL_ACCENT_COLOR_NAME = AccentColor;
				CODE_SIGN_STYLE = Automatic;
				DEVELOPMENT_TEAM = 6769Z85BA2;
				INFOPLIST_FILE = TestApp/Info.plist;
				LD_RUNPATH_SEARCH_PATHS = (
					"$(inherited)",
					"@executable_path/Frameworks",
				);
				PRODUCT_BUNDLE_IDENTIFIER = "com.shota-ito.TestApp";
				PRODUCT_NAME = "$(TARGET_NAME)";
				SWIFT_VERSION = 5.0;
				TARGETED_DEVICE_FAMILY = "1,2";
			};
			name = Debug;
		};
		CAF2403C267B8760008D6E27 /* Release */ = {
			isa = XCBuildConfiguration;
			baseConfigurationReference = 3B56B50FE00110093A5AFBD8 /* Pods-TestApp.release.xcconfig */;
			buildSettings = {
				ASSETCATALOG_COMPILER_APPICON_NAME = AppIcon;
				ASSETCATALOG_COMPILER_GLOBAL_ACCENT_COLOR_NAME = AccentColor;
				CODE_SIGN_STYLE = Automatic;
				DEVELOPMENT_TEAM = 6769Z85BA2;
				INFOPLIST_FILE = TestApp/Info.plist;
				LD_RUNPATH_SEARCH_PATHS = (
					"$(inherited)",
					"@executable_path/Frameworks",
				);
				PRODUCT_BUNDLE_IDENTIFIER = "com.shota-ito.TestApp";
				PRODUCT_NAME = "$(TARGET_NAME)";
				SWIFT_VERSION = 5.0;
				TARGETED_DEVICE_FAMILY = "1,2";
			};
			name = Release;
		};
		CAF2403E267B8760008D6E27 /* Debug */ = {
			isa = XCBuildConfiguration;
			baseConfigurationReference = 2352E319B7C04C22C67EDB92 /* Pods-TestAppTests.debug.xcconfig */;
			buildSettings = {
				ALWAYS_EMBED_SWIFT_STANDARD_LIBRARIES = "$(inherited)";
				BUNDLE_LOADER = "$(TEST_HOST)";
				CODE_SIGN_STYLE = Automatic;
				DEVELOPMENT_TEAM = 6769Z85BA2;
				INFOPLIST_FILE = TestAppTests/Info.plist;
				IPHONEOS_DEPLOYMENT_TARGET = 14.4;
				LD_RUNPATH_SEARCH_PATHS = (
					"$(inherited)",
					"@executable_path/Frameworks",
					"@loader_path/Frameworks",
				);
				PRODUCT_BUNDLE_IDENTIFIER = "com.shota-ito.TestAppTests";
				PRODUCT_NAME = "$(TARGET_NAME)";
				SWIFT_VERSION = 5.0;
				TARGETED_DEVICE_FAMILY = "1,2";
				TEST_HOST = "$(BUILT_PRODUCTS_DIR)/TestApp.app/TestApp";
			};
			name = Debug;
		};
		CAF2403F267B8760008D6E27 /* Release */ = {
			isa = XCBuildConfiguration;
			baseConfigurationReference = 651A004C3F281E56011A7A4C /* Pods-TestAppTests.release.xcconfig */;
			buildSettings = {
				ALWAYS_EMBED_SWIFT_STANDARD_LIBRARIES = "$(inherited)";
				BUNDLE_LOADER = "$(TEST_HOST)";
				CODE_SIGN_STYLE = Automatic;
				DEVELOPMENT_TEAM = 6769Z85BA2;
				INFOPLIST_FILE = TestAppTests/Info.plist;
				IPHONEOS_DEPLOYMENT_TARGET = 14.4;
				LD_RUNPATH_SEARCH_PATHS = (
					"$(inherited)",
					"@executable_path/Frameworks",
					"@loader_path/Frameworks",
				);
				PRODUCT_BUNDLE_IDENTIFIER = "com.shota-ito.TestAppTests";
				PRODUCT_NAME = "$(TARGET_NAME)";
				SWIFT_VERSION = 5.0;
				TARGETED_DEVICE_FAMILY = "1,2";
				TEST_HOST = "$(BUILT_PRODUCTS_DIR)/TestApp.app/TestApp";
			};
			name = Release;
		};
		CAF24041267B8760008D6E27 /* Debug */ = {
			isa = XCBuildConfiguration;
			baseConfigurationReference = C4E97E5E03C2E9FA91EB5D90 /* Pods-TestApp-TestAppUITests.debug.xcconfig */;
			buildSettings = {
				ALWAYS_EMBED_SWIFT_STANDARD_LIBRARIES = "$(inherited)";
				CODE_SIGN_STYLE = Automatic;
				DEVELOPMENT_TEAM = 6769Z85BA2;
				INFOPLIST_FILE = TestAppUITests/Info.plist;
				LD_RUNPATH_SEARCH_PATHS = (
					"$(inherited)",
					"@executable_path/Frameworks",
					"@loader_path/Frameworks",
				);
				PRODUCT_BUNDLE_IDENTIFIER = "com.shota-ito.TestAppUITests";
				PRODUCT_NAME = "$(TARGET_NAME)";
				SWIFT_VERSION = 5.0;
				TARGETED_DEVICE_FAMILY = "1,2";
				TEST_TARGET_NAME = TestApp;
			};
			name = Debug;
		};
		CAF24042267B8760008D6E27 /* Release */ = {
			isa = XCBuildConfiguration;
			baseConfigurationReference = 01B36FCE5838B46D614144E3 /* Pods-TestApp-TestAppUITests.release.xcconfig */;
			buildSettings = {
				ALWAYS_EMBED_SWIFT_STANDARD_LIBRARIES = "$(inherited)";
				CODE_SIGN_STYLE = Automatic;
				DEVELOPMENT_TEAM = 6769Z85BA2;
				INFOPLIST_FILE = TestAppUITests/Info.plist;
				LD_RUNPATH_SEARCH_PATHS = (
					"$(inherited)",
					"@executable_path/Frameworks",
					"@loader_path/Frameworks",
				);
				PRODUCT_BUNDLE_IDENTIFIER = "com.shota-ito.TestAppUITests";
				PRODUCT_NAME = "$(TARGET_NAME)";
				SWIFT_VERSION = 5.0;
				TARGETED_DEVICE_FAMILY = "1,2";
				TEST_TARGET_NAME = TestApp;
			};
			name = Release;
		};
/* End XCBuildConfiguration section */

/* Begin XCConfigurationList section */
		CAF2400B267B8757008D6E27 /* Build configuration list for PBXProject "TestApp" */ = {
			isa = XCConfigurationList;
			buildConfigurations = (
				CAF24038267B8760008D6E27 /* Debug */,
				CAF24039267B8760008D6E27 /* Release */,
			);
			defaultConfigurationIsVisible = 0;
			defaultConfigurationName = Release;
		};
		CAF2403A267B8760008D6E27 /* Build configuration list for PBXNativeTarget "TestApp" */ = {
			isa = XCConfigurationList;
			buildConfigurations = (
				CAF2403B267B8760008D6E27 /* Debug */,
				CAF2403C267B8760008D6E27 /* Release */,
			);
			defaultConfigurationIsVisible = 0;
			defaultConfigurationName = Release;
		};
		CAF2403D267B8760008D6E27 /* Build configuration list for PBXNativeTarget "TestAppTests" */ = {
			isa = XCConfigurationList;
			buildConfigurations = (
				CAF2403E267B8760008D6E27 /* Debug */,
				CAF2403F267B8760008D6E27 /* Release */,
			);
			defaultConfigurationIsVisible = 0;
			defaultConfigurationName = Release;
		};
		CAF24040267B8760008D6E27 /* Build configuration list for PBXNativeTarget "TestAppUITests" */ = {
			isa = XCConfigurationList;
			buildConfigurations = (
				CAF24041267B8760008D6E27 /* Debug */,
				CAF24042267B8760008D6E27 /* Release */,
			);
			defaultConfigurationIsVisible = 0;
			defaultConfigurationName = Release;
		};
/* End XCConfigurationList section */
	};
	rootObject = CAF24008267B8757008D6E27 /* Project object */;
}
