// !$*UTF8*$!
{
	archiveVersion = 1;
	classes = {
	};
	objectVersion = 50;
	objects = {

/* Begin PBXBuildFile section */
		CAF24014267B8757008D6E27 /* AppDelegate.swift in Sources */ = {isa = PBXBuildFile; fileRef = CAF24013267B8757008D6E27 /* AppDelegate.swift */; };
		CAF24016267B8757008D6E27 /* SceneDelegate.swift in Sources */ = {isa = PBXBuildFile; fileRef = CAF24015267B8757008D6E27 /* SceneDelegate.swift */; };
		CAF24018267B8757008D6E27 /* ViewController.swift in Sources */ = {isa = PBXBuildFile; fileRef = CAF24017267B8757008D6E27 /* ViewController.swift */; };
		CAF2401B267B8757008D6E27 /* Main.storyboard in Resources */ = {isa = PBXBuildFile; fileRef = CAF24019267B8757008D6E27 /* Main.storyboard */; };
		CAF2401D267B8760008D6E27 /* Assets.xcassets in Resources */ = {isa = PBXBuildFile; fileRef = CAF2401C267B8760008D6E27 /* Assets.xcassets */; };
		CAF24020267B8760008D6E27 /* LaunchScreen.storyboard in Resources */ = {isa = PBXBuildFile; fileRef = CAF2401E267B8760008D6E27 /* LaunchScreen.storyboard */; };
		CAF2402B267B8760008D6E27 /* TestAppTests.swift in Sources */ = {isa = PBXBuildFile; fileRef = CAF2402A267B8760008D6E27 /* TestAppTests.swift */; };
		CAF24036267B8760008D6E27 /* TestAppUITests.swift in Sources */ = {isa = PBXBuildFile; fileRef = CAF24035267B8760008D6E27 /* TestAppUITests.swift */; };
/* End PBXBuildFile section */

/* Begin PBXContainerItemProxy section */
		CAF24027267B8760008D6E27 /* PBXContainerItemProxy */ = {
			isa = PBXContainerItemProxy;
			containerPortal = CAF24008267B8757008D6E27 /* Project object */;
			proxyType = 1;
			remoteGlobalIDString = CAF2400F267B8757008D6E27;
			remoteInfo = TestApp;
		};
		CAF24032267B8760008D6E27 /* PBXContainerItemProxy */ = {
			isa = PBXContainerItemProxy;
			containerPortal = CAF24008267B8757008D6E27 /* Project object */;
			proxyType = 1;
			remoteGlobalIDString = CAF2400F267B8757008D6E27;
			remoteInfo = TestApp;
		};
/* End PBXContainerItemProxy section */

/* Begin PBXFileReference section */
		CAF24010267B8757008D6E27 /* TestApp.app */ = {isa = PBXFileReference; explicitFileType = wrapper.application; includeInIndex = 0; path = TestApp.app; sourceTree = BUILT_PRODUCTS_DIR; };
		CAF24013267B8757008D6E27 /* AppDelegate.swift */ = {isa = PBXFileReference; lastKnownFileType = sourcecode.swift; path = AppDelegate.swift; sourceTree = "<group>"; };
		CAF24015267B8757008D6E27 /* SceneDelegate.swift */ = {isa = PBXFileReference; lastKnownFileType = sourcecode.swift; path = SceneDelegate.swift; sourceTree = "<group>"; };
		CAF24017267B8757008D6E27 /* ViewController.swift */ = {isa = PBXFileReference; lastKnownFileType = sourcecode.swift; path = ViewController.swift; sourceTree = "<group>"; };
		CAF2401A267B8757008D6E27 /* Base */ = {isa = PBXFileReference; lastKnownFileType = file.storyboard; name = Base; path = Base.lproj/Main.storyboard; sourceTree = "<group>"; };
		CAF2401C267B8760008D6E27 /* Assets.xcassets */ = {isa = PBXFileReference; lastKnownFileType = folder.assetcatalog; path = Assets.xcassets; sourceTree = "<group>"; };
		CAF2401F267B8760008D6E27 /* Base */ = {isa = PBXFileReference; lastKnownFileType = file.storyboard; name = Base; path = Base.lproj/LaunchScreen.storyboard; sourceTree = "<group>"; };
		CAF24021267B8760008D6E27 /* Info.plist */ = {isa = PBXFileReference; lastKnownFileType = text.plist.xml; path = Info.plist; sourceTree = "<group>"; };
		CAF24026267B8760008D6E27 /* TestAppTests.xctest */ = {isa = PBXFileReference; explicitFileType = wrapper.cfbundle; includeInIndex = 0; path = TestAppTests.xctest; sourceTree = BUILT_PRODUCTS_DIR; };
		CAF2402A267B8760008D6E27 /* TestAppTests.swift */ = {isa = PBXFileReference; lastKnownFileType = sourcecode.swift; path = TestAppTests.swift; sourceTree = "<group>"; };
		CAF2402C267B8760008D6E27 /* Info.plist */ = {isa = PBXFileReference; lastKnownFileType = text.plist.xml; path = Info.plist; sourceTree = "<group>"; };
		CAF24031267B8760008D6E27 /* TestAppUITests.xctest */ = {isa = PBXFileReference; explicitFileType = wrapper.cfbundle; includeInIndex = 0; path = TestAppUITests.xctest; sourceTree = BUILT_PRODUCTS_DIR; };
		CAF24035267B8760008D6E27 /* TestAppUITests.swift */ = {isa = PBXFileReference; lastKnownFileType = sourcecode.swift; path = TestAppUITests.swift; sourceTree = "<group>"; };
		CAF24037267B8760008D6E27 /* Info.plist */ = {isa = PBXFileReference; lastKnownFileType = text.plist.xml; path = Info.plist; sourceTree = "<group>"; };
/* End PBXFileReference section */

/* Begin PBXFrameworksBuildPhase section */
		CAF2400D267B8757008D6E27 /* Frameworks */ = {
			isa = PBXFrameworksBuildPhase;
			buildActionMask = 2147483647;
			files = (
			);
			runOnlyForDeploymentPostprocessing = 0;
		};
		CAF24023267B8760008D6E27 /* Frameworks */ = {
			isa = PBXFrameworksBuildPhase;
			buildActionMask = 2147483647;
			files = (
			);
			runOnlyForDeploymentPostprocessing = 0;
		};
		CAF2402E267B8760008D6E27 /* Frameworks */ = {
			isa = PBXFrameworksBuildPhase;
			buildActionMask = 2147483647;
			files = (
			);
			runOnlyForDeploymentPostprocessing = 0;
		};
/* End PBXFrameworksBuildPhase section */

/* Begin PBXGroup section */
		CAF24007267B8757008D6E27 = {
			isa = PBXGroup;
			children = (
				CAF24012267B8757008D6E27 /* TestApp */,
				CAF24029267B8760008D6E27 /* TestAppTests */,
				CAF24034267B8760008D6E27 /* TestAppUITests */,
				CAF24011267B8757008D6E27 /* Products */,
			);
			sourceTree = "<group>";
		};
		CAF24011267B8757008D6E27 /* Products */ = {
			isa = PBXGroup;
			children = (
				CAF24010267B8757008D6E27 /* TestApp.app */,
				CAF24026267B8760008D6E27 /* TestAppTests.xctest */,
				CAF24031267B8760008D6E27 /* TestAppUITests.xctest */,
			);
			name = Products;
			sourceTree = "<group>";
		};
		CAF24012267B8757008D6E27 /* TestApp */ = {
			isa = PBXGroup;
			children = (
				CAF24013267B8757008D6E27 /* AppDelegate.swift */,
				CAF24015267B8757008D6E27 /* SceneDelegate.swift */,
				CAF24017267B8757008D6E27 /* ViewController.swift */,
				CAF24019267B8757008D6E27 /* Main.storyboard */,
				CAF2401C267B8760008D6E27 /* Assets.xcassets */,
				CAF2401E267B8760008D6E27 /* LaunchScreen.storyboard */,
				CAF24021267B8760008D6E27 /* Info.plist */,
			);
			path = TestApp;
			sourceTree = "<group>";
		};
		CAF24029267B8760008D6E27 /* TestAppTests */ = {
			isa = PBXGroup;
			children = (
				CAF2402A267B8760008D6E27 /* TestAppTests.swift */,
				CAF2402C267B8760008D6E27 /* Info.plist */,
			);
			path = TestAppTests;
			sourceTree = "<group>";
		};
		CAF24034267B8760008D6E27 /* TestAppUITests */ = {
			isa = PBXGroup;
			children = (
				CAF24035267B8760008D6E27 /* TestAppUITests.swift */,
				CAF24037267B8760008D6E27 /* Info.plist */,
			);
			path = TestAppUITests;
			sourceTree = "<group>";
		};
/* End PBXGroup section */

/* Begin PBXNativeTarget section */
		CAF2400F267B8757008D6E27 /* TestApp */ = {
			isa = PBXNativeTarget;
			buildConfigurationList = CAF2403A267B8760008D6E27 /* Build configuration list for PBXNativeTarget "TestApp" */;
			buildPhases = (
				CAF2400C267B8757008D6E27 /* Sources */,
				CAF2400D267B8757008D6E27 /* Frameworks */,
				CAF2400E267B8757008D6E27 /* Resources */,
			);
			buildRules = (
			);
			dependencies = (
			);
			name = TestApp;
			productName = TestApp;
			productReference = CAF24010267B8757008D6E27 /* TestApp.app */;
			productType = "com.apple.product-type.application";
		};
		CAF24025267B8760008D6E27 /* TestAppTests */ = {
			isa = PBXNativeTarget;
			buildConfigurationList = CAF2403D267B8760008D6E27 /* Build configuration list for PBXNativeTarget "TestAppTests" */;
			buildPhases = (
				CAF24022267B8760008D6E27 /* Sources */,
				CAF24023267B8760008D6E27 /* Frameworks */,
				CAF24024267B8760008D6E27 /* Resources */,
			);
			buildRules = (
			);
			dependencies = (
				CAF24028267B8760008D6E27 /* PBXTargetDependency */,
			);
			name = TestAppTests;
			productName = TestAppTests;
			productReference = CAF24026267B8760008D6E27 /* TestAppTests.xctest */;
			productType = "com.apple.product-type.bundle.unit-test";
		};
		CAF24030267B8760008D6E27 /* TestAppUITests */ = {
			isa = PBXNativeTarget;
			buildConfigurationList = CAF24040267B8760008D6E27 /* Build configuration list for PBXNativeTarget "TestAppUITests" */;
			buildPhases = (
				CAF2402D267B8760008D6E27 /* Sources */,
				CAF2402E267B8760008D6E27 /* Frameworks */,
				CAF2402F267B8760008D6E27 /* Resources */,
			);
			buildRules = (
			);
			dependencies = (
				CAF24033267B8760008D6E27 /* PBXTargetDependency */,
			);
			name = TestAppUITests;
			productName = TestAppUITests;
			productReference = CAF24031267B8760008D6E27 /* TestAppUITests.xctest */;
			productType = "com.apple.product-type.bundle.ui-testing";
		};
/* End PBXNativeTarget section */

/* Begin PBXProject section */
		CAF24008267B8757008D6E27 /* Project object */ = {
			isa = PBXProject;
			attributes = {
				LastSwiftUpdateCheck = 1240;
				LastUpgradeCheck = 1240;
				TargetAttributes = {
					CAF2400F267B8757008D6E27 = {
						CreatedOnToolsVersion = 12.4;
					};
					CAF24025267B8760008D6E27 = {
						CreatedOnToolsVersion = 12.4;
						TestTargetID = CAF2400F267B8757008D6E27;
					};
					CAF24030267B8760008D6E27 = {
						CreatedOnToolsVersion = 12.4;
						TestTargetID = CAF2400F267B8757008D6E27;
					};
				};
			};
			buildConfigurationList = CAF2400B267B8757008D6E27 /* Build configuration list for PBXProject "TestApp" */;
			compatibilityVersion = "Xcode 9.3";
			developmentRegion = en;
			hasScannedForEncodings = 0;
			knownRegions = (
				en,
				Base,
			);
			mainGroup = CAF24007267B8757008D6E27;
			productRefGroup = CAF24011267B8757008D6E27 /* Products */;
			projectDirPath = "";
			projectRoot = "";
			targets = (
				CAF2400F267B8757008D6E27 /* TestApp */,
				CAF24025267B8760008D6E27 /* TestAppTests */,
				CAF24030267B8760008D6E27 /* TestAppUITests */,
			);
		};
/* End PBXProject section */

/* Begin PBXResourcesBuildPhase section */
		CAF2400E267B8757008D6E27 /* Resources */ = {
			isa = PBXResourcesBuildPhase;
			buildActionMask = 2147483647;
			files = (
				CAF24020267B8760008D6E27 /* LaunchScreen.storyboard in Resources */,
				CAF2401D267B8760008D6E27 /* Assets.xcassets in Resources */,
				CAF2401B267B8757008D6E27 /* Main.storyboard in Resources */,
			);
			runOnlyForDeploymentPostprocessing = 0;
		};
		CAF24024267B8760008D6E27 /* Resources */ = {
			isa = PBXResourcesBuildPhase;
			buildActionMask = 2147483647;
			files = (
			);
			runOnlyForDeploymentPostprocessing = 0;
		};
		CAF2402F267B8760008D6E27 /* Resources */ = {
			isa = PBXResourcesBuildPhase;
			buildActionMask = 2147483647;
			files = (
			);
			runOnlyForDeploymentPostprocessing = 0;
		};
/* End PBXResourcesBuildPhase section */

/* Begin PBXSourcesBuildPhase section */
		CAF2400C267B8757008D6E27 /* Sources */ = {
			isa = PBXSourcesBuildPhase;
			buildActionMask = 2147483647;
			files = (
				CAF24018267B8757008D6E27 /* ViewController.swift in Sources */,
				CAF24014267B8757008D6E27 /* AppDelegate.swift in Sources */,
				CAF24016267B8757008D6E27 /* SceneDelegate.swift in Sources */,
			);
			runOnlyForDeploymentPostprocessing = 0;
		};
		CAF24022267B8760008D6E27 /* Sources */ = {
			isa = PBXSourcesBuildPhase;
			buildActionMask = 2147483647;
			files = (
				CAF2402B267B8760008D6E27 /* TestAppTests.swift in Sources */,
			);
			runOnlyForDeploymentPostprocessing = 0;
		};
		CAF2402D267B8760008D6E27 /* Sources */ = {
			isa = PBXSourcesBuildPhase;
			buildActionMask = 2147483647;
			files = (
				CAF24036267B8760008D6E27 /* TestAppUITests.swift in Sources */,
			);
			runOnlyForDeploymentPostprocessing = 0;
		};
/* End PBXSourcesBuildPhase section */

/* Begin PBXTargetDependency section */
		CAF24028267B8760008D6E27 /* PBXTargetDependency */ = {
			isa = PBXTargetDependency;
			target = CAF2400F267B8757008D6E27 /* TestApp */;
			targetProxy = CAF24027267B8760008D6E27 /* PBXContainerItemProxy */;
		};
		CAF24033267B8760008D6E27 /* PBXTargetDependency */ = {
			isa = PBXTargetDependency;
			target = CAF2400F267B8757008D6E27 /* TestApp */;
			targetProxy = CAF24032267B8760008D6E27 /* PBXContainerItemProxy */;
		};
/* End PBXTargetDependency section */

/* Begin PBXVariantGroup section */
		CAF24019267B8757008D6E27 /* Main.storyboard */ = {
			isa = PBXVariantGroup;
			children = (
				CAF2401A267B8757008D6E27 /* Base */,
			);
			name = Main.storyboard;
			sourceTree = "<group>";
		};
		CAF2401E267B8760008D6E27 /* LaunchScreen.storyboard */ = {
			isa = PBXVariantGroup;
			children = (
				CAF2401F267B8760008D6E27 /* Base */,
			);
			name = LaunchScreen.storyboard;
			sourceTree = "<group>";
		};
/* End PBXVariantGroup section */

/* Begin XCBuildConfiguration section */
		CAF24038267B8760008D6E27 /* Debug */ = {
			isa = XCBuildConfiguration;
			buildSettings = {
				ALWAYS_SEARCH_USER_PATHS = NO;
				CLANG_ANALYZER_NONNULL = YES;
				CLANG_ANALYZER_NUMBER_OBJECT_CONVERSION = YES_AGGRESSIVE;
				CLANG_CXX_LANGUAGE_STANDARD = "gnu++14";
				CLANG_CXX_LIBRARY = "libc++";
				CLANG_ENABLE_MODULES = YES;
				CLANG_ENABLE_OBJC_ARC = YES;
				CLANG_ENABLE_OBJC_WEAK = YES;
				CLANG_WARN_BLOCK_CAPTURE_AUTORELEASING = YES;
				CLANG_WARN_BOOL_CONVERSION = YES;
				CLANG_WARN_COMMA = YES;
				CLANG_WARN_CONSTANT_CONVERSION = YES;
				CLANG_WARN_DEPRECATED_OBJC_IMPLEMENTATIONS = YES;
				CLANG_WARN_DIRECT_OBJC_ISA_USAGE = YES_ERROR;
				CLANG_WARN_DOCUMENTATION_COMMENTS = YES;
				CLANG_WARN_EMPTY_BODY = YES;
				CLANG_WARN_ENUM_CONVERSION = YES;
				CLANG_WARN_INFINITE_RECURSION = YES;
				CLANG_WARN_INT_CONVERSION = YES;
				CLANG_WARN_NON_LITERAL_NULL_CONVERSION = YES;
				CLANG_WARN_OBJC_IMPLICIT_RETAIN_SELF = YES;
				CLANG_WARN_OBJC_LITERAL_CONVERSION = YES;
				CLANG_WARN_OBJC_ROOT_CLASS = YES_ERROR;
				CLANG_WARN_QUOTED_INCLUDE_IN_FRAMEWORK_HEADER = YES;
				CLANG_WARN_RANGE_LOOP_ANALYSIS = YES;
				CLANG_WARN_STRICT_PROTOTYPES = YES;
				CLANG_WARN_SUSPICIOUS_MOVE = YES;
				CLANG_WARN_UNGUARDED_AVAILABILITY = YES_AGGRESSIVE;
				CLANG_WARN_UNREACHABLE_CODE = YES;
				CLANG_WARN__DUPLICATE_METHOD_MATCH = YES;
				COPY_PHASE_STRIP = NO;
				DEBUG_INFORMATION_FORMAT = dwarf;
				ENABLE_STRICT_OBJC_MSGSEND = YES;
				ENABLE_TESTABILITY = YES;
				GCC_C_LANGUAGE_STANDARD = gnu11;
				GCC_DYNAMIC_NO_PIC = NO;
				GCC_NO_COMMON_BLOCKS = YES;
				GCC_OPTIMIZATION_LEVEL = 0;
				GCC_PREPROCESSOR_DEFINITIONS = (
					"DEBUG=1",
					"$(inherited)",
				);
				GCC_WARN_64_TO_32_BIT_CONVERSION = YES;
				GCC_WARN_ABOUT_RETURN_TYPE = YES_ERROR;
				GCC_WARN_UNDECLARED_SELECTOR = YES;
				GCC_WARN_UNINITIALIZED_AUTOS = YES_AGGRESSIVE;
				GCC_WARN_UNUSED_FUNCTION = YES;
				GCC_WARN_UNUSED_VARIABLE = YES;
				IPHONEOS_DEPLOYMENT_TARGET = 14.4;
				MTL_ENABLE_DEBUG_INFO = INCLUDE_SOURCE;
				MTL_FAST_MATH = YES;
				ONLY_ACTIVE_ARCH = YES;
				SDKROOT = iphoneos;
				SWIFT_ACTIVE_COMPILATION_CONDITIONS = DEBUG;
				SWIFT_OPTIMIZATION_LEVEL = "-Onone";
			};
			name = Debug;
		};
		CAF24039267B8760008D6E27 /* Release */ = {
			isa = XCBuildConfiguration;
			buildSettings = {
				ALWAYS_SEARCH_USER_PATHS = NO;
				CLANG_ANALYZER_NONNULL = YES;
				CLANG_ANALYZER_NUMBER_OBJECT_CONVERSION = YES_AGGRESSIVE;
				CLANG_CXX_LANGUAGE_STANDARD = "gnu++14";
				CLANG_CXX_LIBRARY = "libc++";
				CLANG_ENABLE_MODULES = YES;
				CLANG_ENABLE_OBJC_ARC = YES;
				CLANG_ENABLE_OBJC_WEAK = YES;
				CLANG_WARN_BLOCK_CAPTURE_AUTORELEASING = YES;
				CLANG_WARN_BOOL_CONVERSION = YES;
				CLANG_WARN_COMMA = YES;
				CLANG_WARN_CONSTANT_CONVERSION = YES;
				CLANG_WARN_DEPRECATED_OBJC_IMPLEMENTATIONS = YES;
				CLANG_WARN_DIRECT_OBJC_ISA_USAGE = YES_ERROR;
				CLANG_WARN_DOCUMENTATION_COMMENTS = YES;
				CLANG_WARN_EMPTY_BODY = YES;
				CLANG_WARN_ENUM_CONVERSION = YES;
				CLANG_WARN_INFINITE_RECURSION = YES;
				CLANG_WARN_INT_CONVERSION = YES;
				CLANG_WARN_NON_LITERAL_NULL_CONVERSION = YES;
				CLANG_WARN_OBJC_IMPLICIT_RETAIN_SELF = YES;
				CLANG_WARN_OBJC_LITERAL_CONVERSION = YES;
				CLANG_WARN_OBJC_ROOT_CLASS = YES_ERROR;
				CLANG_WARN_QUOTED_INCLUDE_IN_FRAMEWORK_HEADER = YES;
				CLANG_WARN_RANGE_LOOP_ANALYSIS = YES;
				CLANG_WARN_STRICT_PROTOTYPES = YES;
				CLANG_WARN_SUSPICIOUS_MOVE = YES;
				CLANG_WARN_UNGUARDED_AVAILABILITY = YES_AGGRESSIVE;
				CLANG_WARN_UNREACHABLE_CODE = YES;
				CLANG_WARN__DUPLICATE_METHOD_MATCH = YES;
				COPY_PHASE_STRIP = NO;
				DEBUG_INFORMATION_FORMAT = "dwarf-with-dsym";
				ENABLE_NS_ASSERTIONS = NO;
				ENABLE_STRICT_OBJC_MSGSEND = YES;
				GCC_C_LANGUAGE_STANDARD = gnu11;
				GCC_NO_COMMON_BLOCKS = YES;
				GCC_WARN_64_TO_32_BIT_CONVERSION = YES;
				GCC_WARN_ABOUT_RETURN_TYPE = YES_ERROR;
				GCC_WARN_UNDECLARED_SELECTOR = YES;
				GCC_WARN_UNINITIALIZED_AUTOS = YES_AGGRESSIVE;
				GCC_WARN_UNUSED_FUNCTION = YES;
				GCC_WARN_UNUSED_VARIABLE = YES;
				IPHONEOS_DEPLOYMENT_TARGET = 14.4;
				MTL_ENABLE_DEBUG_INFO = NO;
				MTL_FAST_MATH = YES;
				SDKROOT = iphoneos;
				SWIFT_COMPILATION_MODE = wholemodule;
				SWIFT_OPTIMIZATION_LEVEL = "-O";
				VALIDATE_PRODUCT = YES;
			};
			name = Release;
		};
		CAF2403B267B8760008D6E27 /* Debug */ = {
			isa = XCBuildConfiguration;
			buildSettings = {
				ASSETCATALOG_COMPILER_APPICON_NAME = AppIcon;
				ASSETCATALOG_COMPILER_GLOBAL_ACCENT_COLOR_NAME = AccentColor;
				CODE_SIGN_STYLE = Automatic;
				DEVELOPMENT_TEAM = 6769Z85BA2;
				INFOPLIST_FILE = TestApp/Info.plist;
				LD_RUNPATH_SEARCH_PATHS = (
					"$(inherited)",
					"@executable_path/Frameworks",
				);
				PRODUCT_BUNDLE_IDENTIFIER = "com.shota-ito.TestApp";
				PRODUCT_NAME = "$(TARGET_NAME)";
				SWIFT_VERSION = 5.0;
				TARGETED_DEVICE_FAMILY = "1,2";
			};
			name = Debug;
		};
		CAF2403C267B8760008D6E27 /* Release */ = {
			isa = XCBuildConfiguration;
			buildSettings = {
				ASSETCATALOG_COMPILER_APPICON_NAME = AppIcon;
				ASSETCATALOG_COMPILER_GLOBAL_ACCENT_COLOR_NAME = AccentColor;
				CODE_SIGN_STYLE = Automatic;
				DEVELOPMENT_TEAM = 6769Z85BA2;
				INFOPLIST_FILE = TestApp/Info.plist;
				LD_RUNPATH_SEARCH_PATHS = (
					"$(inherited)",
					"@executable_path/Frameworks",
				);
				PRODUCT_BUNDLE_IDENTIFIER = "com.shota-ito.TestApp";
				PRODUCT_NAME = "$(TARGET_NAME)";
				SWIFT_VERSION = 5.0;
				TARGETED_DEVICE_FAMILY = "1,2";
			};
			name = Release;
		};
		CAF2403E267B8760008D6E27 /* Debug */ = {
			isa = XCBuildConfiguration;
			buildSettings = {
				ALWAYS_EMBED_SWIFT_STANDARD_LIBRARIES = YES;
				BUNDLE_LOADER = "$(TEST_HOST)";
				CODE_SIGN_STYLE = Automatic;
				DEVELOPMENT_TEAM = 6769Z85BA2;
				INFOPLIST_FILE = TestAppTests/Info.plist;
				IPHONEOS_DEPLOYMENT_TARGET = 14.4;
				LD_RUNPATH_SEARCH_PATHS = (
					"$(inherited)",
					"@executable_path/Frameworks",
					"@loader_path/Frameworks",
				);
				PRODUCT_BUNDLE_IDENTIFIER = "com.shota-ito.TestAppTests";
				PRODUCT_NAME = "$(TARGET_NAME)";
				SWIFT_VERSION = 5.0;
				TARGETED_DEVICE_FAMILY = "1,2";
				TEST_HOST = "$(BUILT_PRODUCTS_DIR)/TestApp.app/TestApp";
			};
			name = Debug;
		};
		CAF2403F267B8760008D6E27 /* Release */ = {
			isa = XCBuildConfiguration;
			buildSettings = {
				ALWAYS_EMBED_SWIFT_STANDARD_LIBRARIES = YES;
				BUNDLE_LOADER = "$(TEST_HOST)";
				CODE_SIGN_STYLE = Automatic;
				DEVELOPMENT_TEAM = 6769Z85BA2;
				INFOPLIST_FILE = TestAppTests/Info.plist;
				IPHONEOS_DEPLOYMENT_TARGET = 14.4;
				LD_RUNPATH_SEARCH_PATHS = (
					"$(inherited)",
					"@executable_path/Frameworks",
					"@loader_path/Frameworks",
				);
				PRODUCT_BUNDLE_IDENTIFIER = "com.shota-ito.TestAppTests";
				PRODUCT_NAME = "$(TARGET_NAME)";
				SWIFT_VERSION = 5.0;
				TARGETED_DEVICE_FAMILY = "1,2";
				TEST_HOST = "$(BUILT_PRODUCTS_DIR)/TestApp.app/TestApp";
			};
			name = Release;
		};
		CAF24041267B8760008D6E27 /* Debug */ = {
			isa = XCBuildConfiguration;
			buildSettings = {
				ALWAYS_EMBED_SWIFT_STANDARD_LIBRARIES = YES;
				CODE_SIGN_STYLE = Automatic;
				DEVELOPMENT_TEAM = 6769Z85BA2;
				INFOPLIST_FILE = TestAppUITests/Info.plist;
				LD_RUNPATH_SEARCH_PATHS = (
					"$(inherited)",
					"@executable_path/Frameworks",
					"@loader_path/Frameworks",
				);
				PRODUCT_BUNDLE_IDENTIFIER = "com.shota-ito.TestAppUITests";
				PRODUCT_NAME = "$(TARGET_NAME)";
				SWIFT_VERSION = 5.0;
				TARGETED_DEVICE_FAMILY = "1,2";
				TEST_TARGET_NAME = TestApp;
			};
			name = Debug;
		};
		CAF24042267B8760008D6E27 /* Release */ = {
			isa = XCBuildConfiguration;
			buildSettings = {
				ALWAYS_EMBED_SWIFT_STANDARD_LIBRARIES = YES;
				CODE_SIGN_STYLE = Automatic;
				DEVELOPMENT_TEAM = 6769Z85BA2;
				INFOPLIST_FILE = TestAppUITests/Info.plist;
				LD_RUNPATH_SEARCH_PATHS = (
					"$(inherited)",
					"@executable_path/Frameworks",
					"@loader_path/Frameworks",
				);
				PRODUCT_BUNDLE_IDENTIFIER = "com.shota-ito.TestAppUITests";
				PRODUCT_NAME = "$(TARGET_NAME)";
				SWIFT_VERSION = 5.0;
				TARGETED_DEVICE_FAMILY = "1,2";
				TEST_TARGET_NAME = TestApp;
			};
			name = Release;
		};
/* End XCBuildConfiguration section */

/* Begin XCConfigurationList section */
		CAF2400B267B8757008D6E27 /* Build configuration list for PBXProject "TestApp" */ = {
			isa = XCConfigurationList;
			buildConfigurations = (
				CAF24038267B8760008D6E27 /* Debug */,
				CAF24039267B8760008D6E27 /* Release */,
			);
			defaultConfigurationIsVisible = 0;
			defaultConfigurationName = Release;
		};
		CAF2403A267B8760008D6E27 /* Build configuration list for PBXNativeTarget "TestApp" */ = {
			isa = XCConfigurationList;
			buildConfigurations = (
				CAF2403B267B8760008D6E27 /* Debug */,
				CAF2403C267B8760008D6E27 /* Release */,
			);
			defaultConfigurationIsVisible = 0;
			defaultConfigurationName = Release;
		};
		CAF2403D267B8760008D6E27 /* Build configuration list for PBXNativeTarget "TestAppTests" */ = {
			isa = XCConfigurationList;
			buildConfigurations = (
				CAF2403E267B8760008D6E27 /* Debug */,
				CAF2403F267B8760008D6E27 /* Release */,
			);
			defaultConfigurationIsVisible = 0;
			defaultConfigurationName = Release;
		};
		CAF24040267B8760008D6E27 /* Build configuration list for PBXNativeTarget "TestAppUITests" */ = {
			isa = XCConfigurationList;
			buildConfigurations = (
				CAF24041267B8760008D6E27 /* Debug */,
				CAF24042267B8760008D6E27 /* Release */,
			);
			defaultConfigurationIsVisible = 0;
			defaultConfigurationName = Release;
		};
/* End XCConfigurationList section */
	};
	rootObject = CAF24008267B8757008D6E27 /* Project object */;
}
